
Microsoft Visual Studio Solution File, Format Version 12.00
# Visual Studio Version 16
VisualStudioVersion = 16.0.31424.327
MinimumVisualStudioVersion = 10.0.40219.1
Project("{FAE04EC0-301F-11D3-BF4B-00C04F79EFBC}") = "repair-service-repository", "repair-service-repository.csproj", "{95A67C3A-4E9C-492C-B020-C0993E9C5DAB}"
EndProject
Global
	GlobalSection(SolutionConfigurationPlatforms) = preSolution
		Debug|Any CPU = Debug|Any CPU
		Release|Any CPU = Release|Any CPU
	EndGlobalSection
	GlobalSection(ProjectConfigurationPlatforms) = postSolution
		{95A67C3A-4E9C-492C-B020-C0993E9C5DAB}.Debug|Any CPU.ActiveCfg = Debug|Any CPU
		{95A67C3A-4E9C-492C-B020-C0993E9C5DAB}.Debug|Any CPU.Build.0 = Debug|Any CPU
		{95A67C3A-4E9C-492C-B020-C0993E9C5DAB}.Release|Any CPU.ActiveCfg = Release|Any CPU
		{95A67C3A-4E9C-492C-B020-C0993E9C5DAB}.Release|Any CPU.Build.0 = Release|Any CPU
	EndGlobalSection
	GlobalSection(SolutionProperties) = preSolution
		HideSolutionNode = FALSE
	EndGlobalSection
	GlobalSection(ExtensibilityGlobals) = postSolution
		SolutionGuid = {1F4FBB14-1A58-487D-A693-1385F6CA3C7D}
	EndGlobalSection
EndGlobal
