
Microsoft Visual Studio Solution File, Format Version 12.00
# Visual Studio Version 16
VisualStudioVersion = 16.0.31424.327
MinimumVisualStudioVersion = 10.0.40219.1
Project("{FAE04EC0-301F-11D3-BF4B-00C04F79EFBC}") = "repair-service-service", "repair-service-service.csproj", "{1E0DB988-5EF9-49CA-9196-72DDA6C77221}"
EndProject
Global
	GlobalSection(SolutionConfigurationPlatforms) = preSolution
		Debug|Any CPU = Debug|Any CPU
		Release|Any CPU = Release|Any CPU
	EndGlobalSection
	GlobalSection(ProjectConfigurationPlatforms) = postSolution
		{1E0DB988-5EF9-49CA-9196-72DDA6C77221}.Debug|Any CPU.ActiveCfg = Debug|Any CPU
		{1E0DB988-5EF9-49CA-9196-72DDA6C77221}.Debug|Any CPU.Build.0 = Debug|Any CPU
		{1E0DB988-5EF9-49CA-9196-72DDA6C77221}.Release|Any CPU.ActiveCfg = Release|Any CPU
		{1E0DB988-5EF9-49CA-9196-72DDA6C77221}.Release|Any CPU.Build.0 = Release|Any CPU
	EndGlobalSection
	GlobalSection(SolutionProperties) = preSolution
		HideSolutionNode = FALSE
	EndGlobalSection
	GlobalSection(ExtensibilityGlobals) = postSolution
		SolutionGuid = {E4965D7A-7CD2-4626-ADAA-9A32AD287E1F}
	EndGlobalSection
EndGlobal
