
Microsoft Visual Studio Solution File, Format Version 12.00
# Visual Studio Version 16
VisualStudioVersion = 16.0.31424.327
MinimumVisualStudioVersion = 10.0.40219.1
Project("{FAE04EC0-301F-11D3-BF4B-00C04F79EFBC}") = "repair-service-unit-tests", "repair-service-unit-tests.csproj", "{F78D570B-D354-4ACD-937E-F74B44F1601F}"
EndProject
Global
	GlobalSection(SolutionConfigurationPlatforms) = preSolution
		Debug|Any CPU = Debug|Any CPU
		Release|Any CPU = Release|Any CPU
	EndGlobalSection
	GlobalSection(ProjectConfigurationPlatforms) = postSolution
		{F78D570B-D354-4ACD-937E-F74B44F1601F}.Debug|Any CPU.ActiveCfg = Debug|Any CPU
		{F78D570B-D354-4ACD-937E-F74B44F1601F}.Debug|Any CPU.Build.0 = Debug|Any CPU
		{F78D570B-D354-4ACD-937E-F74B44F1601F}.Release|Any CPU.ActiveCfg = Release|Any CPU
		{F78D570B-D354-4ACD-937E-F74B44F1601F}.Release|Any CPU.Build.0 = Release|Any CPU
	EndGlobalSection
	GlobalSection(SolutionProperties) = preSolution
		HideSolutionNode = FALSE
	EndGlobalSection
	GlobalSection(ExtensibilityGlobals) = postSolution
		SolutionGuid = {6F30F6ED-2722-4D66-90FE-D82ED502E026}
	EndGlobalSection
EndGlobal
