
Microsoft Visual Studio Solution File, Format Version 12.00
# Visual Studio Version 16
VisualStudioVersion = 16.0.31424.327
MinimumVisualStudioVersion = 10.0.40219.1
Project("{FAE04EC0-301F-11D3-BF4B-00C04F79EFBC}") = "repair-service-shared-exception", "repair-service-shared-exception.csproj", "{7D7012D4-4271-4C47-ABB8-E5267C2FB0B5}"
EndProject
Global
	GlobalSection(SolutionConfigurationPlatforms) = preSolution
		Debug|Any CPU = Debug|Any CPU
		Release|Any CPU = Release|Any CPU
	EndGlobalSection
	GlobalSection(ProjectConfigurationPlatforms) = postSolution
		{7D7012D4-4271-4C47-ABB8-E5267C2FB0B5}.Debug|Any CPU.ActiveCfg = Debug|Any CPU
		{7D7012D4-4271-4C47-ABB8-E5267C2FB0B5}.Debug|Any CPU.Build.0 = Debug|Any CPU
		{7D7012D4-4271-4C47-ABB8-E5267C2FB0B5}.Release|Any CPU.ActiveCfg = Release|Any CPU
		{7D7012D4-4271-4C47-ABB8-E5267C2FB0B5}.Release|Any CPU.Build.0 = Release|Any CPU
	EndGlobalSection
	GlobalSection(SolutionProperties) = preSolution
		HideSolutionNode = FALSE
	EndGlobalSection
	GlobalSection(ExtensibilityGlobals) = postSolution
		SolutionGuid = {AA42377C-09D6-41CC-BE6E-94D560E8CBC9}
	EndGlobalSection
EndGlobal
